
Microsoft Visual Studio Solution File, Format Version 12.00
# Visual Studio 15
VisualStudioVersion = 15.0.28307.1062
MinimumVisualStudioVersion = 10.0.40219.1
Project("{8BC9CEB8-8B4A-11D0-8D11-00A0C91BC942}") = "TicTacToe", "TicTacToe\TicTacToe.vcxproj", "{0F0CB8A0-CD91-4268-B2DE-2F36FD02AED6}"
EndProject
Global
	GlobalSection(SolutionConfigurationPlatforms) = preSolution
		Debug|x64 = Debug|x64
		Debug|x86 = Debug|x86
		Release|x64 = Release|x64
		Release|x86 = Release|x86
	EndGlobalSection
	GlobalSection(ProjectConfigurationPlatforms) = postSolution
		{0F0CB8A0-CD91-4268-B2DE-2F36FD02AED6}.Debug|x64.ActiveCfg = Debug|x64
		{0F0CB8A0-CD91-4268-B2DE-2F36FD02AED6}.Debug|x64.Build.0 = Debug|x64
		{0F0CB8A0-CD91-4268-B2DE-2F36FD02AED6}.Debug|x86.ActiveCfg = Debug|Win32
		{0F0CB8A0-CD91-4268-B2DE-2F36FD02AED6}.Debug|x86.Build.0 = Debug|Win32
		{0F0CB8A0-CD91-4268-B2DE-2F36FD02AED6}.Release|x64.ActiveCfg = Release|x64
		{0F0CB8A0-CD91-4268-B2DE-2F36FD02AED6}.Release|x64.Build.0 = Release|x64
		{0F0CB8A0-CD91-4268-B2DE-2F36FD02AED6}.Release|x86.ActiveCfg = Release|Win32
		{0F0CB8A0-CD91-4268-B2DE-2F36FD02AED6}.Release|x86.Build.0 = Release|Win32
	EndGlobalSection
	GlobalSection(SolutionProperties) = preSolution
		HideSolutionNode = FALSE
	EndGlobalSection
	GlobalSection(ExtensibilityGlobals) = postSolution
		SolutionGuid = {6B1551D5-0B2C-4B1D-8344-719D088457E0}
	EndGlobalSection
EndGlobal
